{
    "version": 3,
    "terraform_version": "0.11.10",
    "serial": 1,
    "lineage": "5535f3ad-a639-dfe1-c8ee-9003b84024e4",
    "modules": [
        {
            "path": [
                "root"
            ],
            "outputs": {},
            "resources": {
                "aws_internet_gateway.packer": {
                    "type": "aws_internet_gateway",
                    "depends_on": [
                        "aws_vpc.packer"
                    ],
                    "primary": {
                        "id": "igw-044c41999167decc0",
                        "attributes": {
                            "id": "igw-044c41999167decc0",
                            "owner_id": "670151543201",
                            "tags.%": "1",
                            "tags.Name": "packer-igw",
                            "vpc_id": "vpc-07d83639a5c2cfb4b"
                        },
                        "meta": {},
                        "tainted": false
                    },
                    "deposed": [],
                    "provider": "provider.aws"
                },
                "aws_route_table.packer": {
                    "type": "aws_route_table",
                    "depends_on": [
                        "aws_internet_gateway.packer",
                        "aws_vpc.packer"
                    ],
                    "primary": {
                        "id": "rtb-05c492366e4d8a958",
                        "attributes": {
                            "id": "rtb-05c492366e4d8a958",
                            "owner_id": "670151543201",
                            "propagating_vgws.#": "0",
                            "route.#": "1",
                            "route.1856675376.cidr_block": "0.0.0.0/0",
                            "route.1856675376.egress_only_gateway_id": "",
                            "route.1856675376.gateway_id": "igw-044c41999167decc0",
                            "route.1856675376.instance_id": "",
                            "route.1856675376.ipv6_cidr_block": "",
                            "route.1856675376.nat_gateway_id": "",
                            "route.1856675376.network_interface_id": "",
                            "route.1856675376.transit_gateway_id": "",
                            "route.1856675376.vpc_peering_connection_id": "",
                            "tags.%": "1",
                            "tags.Name": "packer default table",
                            "vpc_id": "vpc-07d83639a5c2cfb4b"
                        },
                        "meta": {},
                        "tainted": false
                    },
                    "deposed": [],
                    "provider": "provider.aws"
                },
                "aws_route_table_association.packer": {
                    "type": "aws_route_table_association",
                    "depends_on": [
                        "aws_route_table.packer",
                        "aws_subnet.packer"
                    ],
                    "primary": {
                        "id": "rtbassoc-061555ede143c092d",
                        "attributes": {
                            "id": "rtbassoc-061555ede143c092d",
                            "route_table_id": "rtb-05c492366e4d8a958",
                            "subnet_id": "subnet-0c0a91b2e984284a0"
                        },
                        "meta": {},
                        "tainted": false
                    },
                    "deposed": [],
                    "provider": "provider.aws"
                },
                "aws_subnet.packer": {
                    "type": "aws_subnet",
                    "depends_on": [
                        "aws_vpc.packer"
                    ],
                    "primary": {
                        "id": "subnet-0c0a91b2e984284a0",
                        "attributes": {
                            "arn": "arn:aws:ec2:us-east-1:670151543201:subnet/subnet-0c0a91b2e984284a0",
                            "assign_ipv6_address_on_creation": "false",
                            "availability_zone": "us-east-1c",
                            "availability_zone_id": "use1-az3",
                            "cidr_block": "192.168.253.0/25",
                            "id": "subnet-0c0a91b2e984284a0",
                            "ipv6_cidr_block": "",
                            "ipv6_cidr_block_association_id": "",
                            "map_public_ip_on_launch": "false",
                            "owner_id": "670151543201",
                            "tags.%": "1",
                            "tags.Name": "packer-subnet",
                            "vpc_id": "vpc-07d83639a5c2cfb4b"
                        },
                        "meta": {
                            "e2bfb730-ecaa-11e6-8f88-34363bc7c4c0": {
                                "create": 600000000000,
                                "delete": 600000000000
                            },
                            "schema_version": "1"
                        },
                        "tainted": false
                    },
                    "deposed": [],
                    "provider": "provider.aws"
                },
                "aws_vpc.packer": {
                    "type": "aws_vpc",
                    "depends_on": [],
                    "primary": {
                        "id": "vpc-07d83639a5c2cfb4b",
                        "attributes": {
                            "arn": "arn:aws:ec2:us-east-1:670151543201:vpc/vpc-07d83639a5c2cfb4b",
                            "assign_generated_ipv6_cidr_block": "false",
                            "cidr_block": "192.168.253.0/24",
                            "default_network_acl_id": "acl-0e035a6aa74e423c7",
                            "default_route_table_id": "rtb-0bc905ec8e13bd21f",
                            "default_security_group_id": "sg-021cb8d2ffbdb8fd0",
                            "dhcp_options_id": "dopt-b01994cb",
                            "enable_classiclink": "false",
                            "enable_classiclink_dns_support": "false",
                            "enable_dns_hostnames": "false",
                            "enable_dns_support": "true",
                            "id": "vpc-07d83639a5c2cfb4b",
                            "instance_tenancy": "default",
                            "ipv6_association_id": "",
                            "ipv6_cidr_block": "",
                            "main_route_table_id": "rtb-0bc905ec8e13bd21f",
                            "owner_id": "670151543201",
                            "tags.%": "1",
                            "tags.Name": "packer-vpc"
                        },
                        "meta": {
                            "schema_version": "1"
                        },
                        "tainted": false
                    },
                    "deposed": [],
                    "provider": "provider.aws"
                }
            },
            "depends_on": []
        }
    ]
}
